<?xml version="1.0" encoding="utf-8"?>
<Project ToolsVersion="4.0" xmlns="http://schemas.microsoft.com/developer/msbuild/2003">
  <ItemGroup>
    <ApplicationDefinition Include="App.xaml" />
  </ItemGroup>
  <ItemGroup>
    <Midl Include="App.idl" />
    <Midl Include="Code\AppCfgModel.idl">
      <Filter>Code</Filter>
    </Midl>
    <Midl Include="Code\IBiliResource.idl">
      <Filter>Code</Filter>
    </Midl>
    <Midl Include="Code\BiliClientManaged.idl">
      <Filter>Code</Filter>
    </Midl>
    <Midl Include="Controls\AdaptiveGridView.idl">
      <Filter>Controls\AdaptiveGridView</Filter>
    </Midl>
    <Midl Include="Code\Converters.idl">
      <Filter>Code</Filter>
    </Midl>
    <Midl Include="Code\HttpRandomAccessStream.idl">
      <Filter>Code</Filter>
    </Midl>
    <Midl Include="Code\IncrementalLoadingCollection.idl">
      <Filter>Code</Filter>
    </Midl>
    <Midl Include="Code\AppItemsCollection.idl">
      <Filter>Code</Filter>
    </Midl>
  </ItemGroup>
  <ItemGroup>
    <ClCompile Include="pch.cpp" />
    <ClCompile Include="App.cpp" />
    <ClCompile Include="$(GeneratedFilesDir)module.g.cpp" />
    <ClCompile Include="Code\BiliClient.cpp">
      <Filter>Code</Filter>
    </ClCompile>
    <ClCompile Include="Code\json.cpp">
      <Filter>Code</Filter>
    </ClCompile>
    <ClCompile Include="Code\AppCfgModel.cpp">
      <Filter>Code</Filter>
    </ClCompile>
    <ClCompile Include="Code\util.cpp">
      <Filter>Code</Filter>
    </ClCompile>
    <ClCompile Include="Code\BiliClientManaged.cpp">
      <Filter>Code</Filter>
    </ClCompile>
    <ClCompile Include="Thirdparty\qrcodegen\qrcodegen.cpp">
      <Filter>Thirdparty\qrcodegen</Filter>
    </ClCompile>
    <ClCompile Include="Controls\AdaptiveGridView.cpp">
      <Filter>Controls\AdaptiveGridView</Filter>
    </ClCompile>
    <ClCompile Include="Code\Converters.cpp">
      <Filter>Code</Filter>
    </ClCompile>
    <ClCompile Include="Code\HttpRandomAccessStream.cpp">
      <Filter>Code</Filter>
    </ClCompile>
    <ClCompile Include="Code\DebugConsole.cpp">
      <Filter>Code</Filter>
    </ClCompile>
    <ClCompile Include="Code\IncrementalLoadingCollection.cpp">
      <Filter>Code</Filter>
    </ClCompile>
    <ClCompile Include="Code\AppItemsCollection.cpp">
      <Filter>Code</Filter>
    </ClCompile>
    <ClCompile Include="Code\HttpCache.cpp">
      <Filter>Code</Filter>
    </ClCompile>
  </ItemGroup>
  <ItemGroup>
    <ClInclude Include="pch.h" />
    <ClInclude Include="Code\BiliClient.hpp">
      <Filter>Code</Filter>
    </ClInclude>
    <ClInclude Include="Code\json.h">
      <Filter>Code</Filter>
    </ClInclude>
    <ClInclude Include="Code\AppCfgModel.h">
      <Filter>Code</Filter>
    </ClInclude>
    <ClInclude Include="Code\util.hpp">
      <Filter>Code</Filter>
    </ClInclude>
    <ClInclude Include="Code\BiliClientManaged.h">
      <Filter>Code</Filter>
    </ClInclude>
    <ClInclude Include="Thirdparty\qrcodegen\qrcodegen.hpp">
      <Filter>Thirdparty\qrcodegen</Filter>
    </ClInclude>
    <ClInclude Include="Controls\AdaptiveGridView.h">
      <Filter>Controls\AdaptiveGridView</Filter>
    </ClInclude>
    <ClInclude Include="Code\Converters.h">
      <Filter>Code</Filter>
    </ClInclude>
    <ClInclude Include="Code\HttpRandomAccessStream.h">
      <Filter>Code</Filter>
    </ClInclude>
    <ClInclude Include="Code\DebugConsole.hpp">
      <Filter>Code</Filter>
    </ClInclude>
    <ClInclude Include="Code\IncrementalLoadingCollection.h">
      <Filter>Code</Filter>
    </ClInclude>
    <ClInclude Include="Code\AppItemsCollection.h">
      <Filter>Code</Filter>
    </ClInclude>
    <ClInclude Include="Code\HttpCache.h">
      <Filter>Code</Filter>
    </ClInclude>
  </ItemGroup>
  <ItemGroup>
    <AppxManifest Include="Package.appxmanifest" />
  </ItemGroup>
  <ItemGroup>
    <Filter Include="Assets">
      <UniqueIdentifier>{e48dc53e-40b1-40cb-970a-f89935452892}</UniqueIdentifier>
    </Filter>
    <Filter Include="Pages">
      <UniqueIdentifier>{b0dc45bc-1d9e-4552-ab1b-7192389c0fcd}</UniqueIdentifier>
    </Filter>
    <Filter Include="Strings">
      <UniqueIdentifier>{4d612266-f137-49ad-9b7d-c9473784f1fa}</UniqueIdentifier>
    </Filter>
    <Filter Include="Code">
      <UniqueIdentifier>{90189b69-af9b-43d4-a88d-1d40043c229e}</UniqueIdentifier>
    </Filter>
    <Filter Include="Controls">
      <UniqueIdentifier>{9118a0ca-d77b-4916-bafe-09ec113cf7fa}</UniqueIdentifier>
    </Filter>
    <Filter Include="Thirdparty">
      <UniqueIdentifier>{e761d649-704c-41df-bb82-f29f7962f93d}</UniqueIdentifier>
    </Filter>
    <Filter Include="Thirdparty\qrcodegen">
      <UniqueIdentifier>{c200d83b-cd4a-4c73-9d80-e9f1da178bc2}</UniqueIdentifier>
    </Filter>
    <Filter Include="Controls\AdaptiveGridView">
      <UniqueIdentifier>{0744a6a9-1ce2-4581-ac89-65b06c241863}</UniqueIdentifier>
    </Filter>
    <Filter Include="Assets\Fonts">
      <UniqueIdentifier>{f3a35851-c1b6-4a07-8a78-83e5bb744ef4}</UniqueIdentifier>
    </Filter>
    <Filter Include="Protos">
      <UniqueIdentifier>{b99690de-2014-4696-b1d4-f90360183e56}</UniqueIdentifier>
    </Filter>
  </ItemGroup>
  <ItemGroup>
    <None Include="PropertySheet.props" />
    <None Include="packages.config" />
  </ItemGroup>
  <ItemGroup>
    <Text Include="readme.txt" />
    <Text Include="AppDepsLicense.rawstr.txt" />
  </ItemGroup>
  <ItemGroup>
    <Page Include="Pages\MainPage.xaml">
      <Filter>Pages</Filter>
    </Page>
    <Page Include="Pages\ContainerPage.xaml">
      <Filter>Pages</Filter>
    </Page>
    <Page Include="Pages\SettingsPage.xaml">
      <Filter>Pages</Filter>
    </Page>
    <Page Include="Pages\NewPage.xaml">
      <Filter>Pages</Filter>
    </Page>
    <Page Include="Pages\MediaPlayPage.xaml">
      <Filter>Pages</Filter>
    </Page>
    <Page Include="Pages\LoginPage.xaml">
      <Filter>Pages</Filter>
    </Page>
    <Page Include="Controls\SimpleContentDialog.xaml">
      <Filter>Controls</Filter>
    </Page>
    <Page Include="Pages\FavouritesUserPage.xaml">
      <Filter>Pages</Filter>
    </Page>
    <Page Include="Pages\FavouritesFolderPage.xaml">
      <Filter>Pages</Filter>
    </Page>
    <Page Include="Controls\SimpleStateIndicator.xaml">
      <Filter>Controls</Filter>
    </Page>
    <Page Include="Pages\UserPage.xaml">
      <Filter>Pages</Filter>
    </Page>
    <Page Include="Pages\SearchPage.xaml">
      <Filter>Pages</Filter>
    </Page>
    <Page Include="Pages\DebugConsoleWindowPage.xaml">
      <Filter>Pages</Filter>
    </Page>
    <Page Include="Controls\ImageEx.xaml">
      <Filter>Controls</Filter>
    </Page>
    <Page Include="Controls\ImageEx2.xaml">
      <Filter>Controls</Filter>
    </Page>
    <Page Include="Controls\CustomMediaPlayerElement.xaml">
      <Filter>Controls</Filter>
    </Page>
    <Page Include="Controls\CustomPivot.xaml">
      <Filter>Controls</Filter>
    </Page>
    <Page Include="Controls\CustomMediaTransportControls.xaml">
      <Filter>Controls</Filter>
    </Page>
  </ItemGroup>
  <ItemGroup>
    <PRIResource Include="Strings\Resources.language-en-US.resw">
      <Filter>Strings</Filter>
    </PRIResource>
    <PRIResource Include="Strings\Resources.language-zh-Hans.resw">
      <Filter>Strings</Filter>
    </PRIResource>
  </ItemGroup>
  <ItemGroup>
    <Image Include="Assets\SmallTile.scale-100.png">
      <Filter>Assets</Filter>
    </Image>
    <Image Include="Assets\SmallTile.scale-200.png">
      <Filter>Assets</Filter>
    </Image>
    <Image Include="Assets\SmallTile.scale-400.png">
      <Filter>Assets</Filter>
    </Image>
    <Image Include="Assets\Square150x150Logo.scale-100.png">
      <Filter>Assets</Filter>
    </Image>
    <Image Include="Assets\Square150x150Logo.scale-200.png">
      <Filter>Assets</Filter>
    </Image>
    <Image Include="Assets\Square150x150Logo.scale-400.png">
      <Filter>Assets</Filter>
    </Image>
    <Image Include="Assets\LargeTile.scale-100.png">
      <Filter>Assets</Filter>
    </Image>
    <Image Include="Assets\LargeTile.scale-200.png">
      <Filter>Assets</Filter>
    </Image>
    <Image Include="Assets\LargeTile.scale-400.png">
      <Filter>Assets</Filter>
    </Image>
    <Image Include="Assets\Square44x44Logo.scale-100.png">
      <Filter>Assets</Filter>
    </Image>
    <Image Include="Assets\Square44x44Logo.scale-200.png">
      <Filter>Assets</Filter>
    </Image>
    <Image Include="Assets\Square44x44Logo.scale-400.png">
      <Filter>Assets</Filter>
    </Image>
    <Image Include="Assets\Square44x44Logo.targetsize-16.png">
      <Filter>Assets</Filter>
    </Image>
    <Image Include="Assets\Square44x44Logo.targetsize-48.png">
      <Filter>Assets</Filter>
    </Image>
    <Image Include="Assets\Square44x44Logo.targetsize-256.png">
      <Filter>Assets</Filter>
    </Image>
    <Image Include="Assets\Square44x44Logo.altform-unplated_targetsize-16.png">
      <Filter>Assets</Filter>
    </Image>
    <Image Include="Assets\Square44x44Logo.altform-unplated_targetsize-48.png">
      <Filter>Assets</Filter>
    </Image>
    <Image Include="Assets\Square44x44Logo.altform-unplated_targetsize-256.png">
      <Filter>Assets</Filter>
    </Image>
    <Image Include="Assets\Square44x44Logo.altform-lightunplated_targetsize-16.png">
      <Filter>Assets</Filter>
    </Image>
    <Image Include="Assets\Square44x44Logo.altform-lightunplated_targetsize-48.png">
      <Filter>Assets</Filter>
    </Image>
    <Image Include="Assets\Square44x44Logo.altform-lightunplated_targetsize-256.png">
      <Filter>Assets</Filter>
    </Image>
    <Image Include="Assets\SplashScreen.scale-100.png">
      <Filter>Assets</Filter>
    </Image>
    <Image Include="Assets\SplashScreen.scale-200.png">
      <Filter>Assets</Filter>
    </Image>
    <Image Include="Assets\SplashScreen.scale-400.png">
      <Filter>Assets</Filter>
    </Image>
    <Image Include="Assets\StoreLogo.scale-100.png">
      <Filter>Assets</Filter>
    </Image>
    <Image Include="Assets\StoreLogo.scale-200.png">
      <Filter>Assets</Filter>
    </Image>
    <Image Include="Assets\StoreLogo.scale-400.png">
      <Filter>Assets</Filter>
    </Image>
    <Image Include="Assets\SmallTile.scale-125.png">
      <Filter>Assets</Filter>
    </Image>
    <Image Include="Assets\SmallTile.scale-150.png">
      <Filter>Assets</Filter>
    </Image>
    <Image Include="Assets\Square150x150Logo.scale-125.png">
      <Filter>Assets</Filter>
    </Image>
    <Image Include="Assets\Square150x150Logo.scale-150.png">
      <Filter>Assets</Filter>
    </Image>
    <Image Include="Assets\Wide310x150Logo.scale-100.png">
      <Filter>Assets</Filter>
    </Image>
    <Image Include="Assets\Wide310x150Logo.scale-125.png">
      <Filter>Assets</Filter>
    </Image>
    <Image Include="Assets\Wide310x150Logo.scale-150.png">
      <Filter>Assets</Filter>
    </Image>
    <Image Include="Assets\Wide310x150Logo.scale-200.png">
      <Filter>Assets</Filter>
    </Image>
    <Image Include="Assets\Wide310x150Logo.scale-400.png">
      <Filter>Assets</Filter>
    </Image>
    <Image Include="Assets\LargeTile.scale-125.png">
      <Filter>Assets</Filter>
    </Image>
    <Image Include="Assets\LargeTile.scale-150.png">
      <Filter>Assets</Filter>
    </Image>
    <Image Include="Assets\Square44x44Logo.scale-125.png">
      <Filter>Assets</Filter>
    </Image>
    <Image Include="Assets\Square44x44Logo.scale-150.png">
      <Filter>Assets</Filter>
    </Image>
    <Image Include="Assets\Square44x44Logo.targetsize-24.png">
      <Filter>Assets</Filter>
    </Image>
    <Image Include="Assets\Square44x44Logo.targetsize-32.png">
      <Filter>Assets</Filter>
    </Image>
    <Image Include="Assets\Square44x44Logo.altform-unplated_targetsize-24.png">
      <Filter>Assets</Filter>
    </Image>
    <Image Include="Assets\Square44x44Logo.altform-unplated_targetsize-32.png">
      <Filter>Assets</Filter>
    </Image>
    <Image Include="Assets\Square44x44Logo.altform-lightunplated_targetsize-24.png">
      <Filter>Assets</Filter>
    </Image>
    <Image Include="Assets\Square44x44Logo.altform-lightunplated_targetsize-32.png">
      <Filter>Assets</Filter>
    </Image>
    <Image Include="Assets\SplashScreen.scale-125.png">
      <Filter>Assets</Filter>
    </Image>
    <Image Include="Assets\SplashScreen.scale-150.png">
      <Filter>Assets</Filter>
    </Image>
    <Image Include="Assets\StoreLogo.scale-125.png">
      <Filter>Assets</Filter>
    </Image>
    <Image Include="Assets\StoreLogo.scale-150.png">
      <Filter>Assets</Filter>
    </Image>
  </ItemGroup>
  <ItemGroup>
    <Font Include="Assets\Fonts\iconfont.ttf">
      <Filter>Assets\Fonts</Filter>
    </Font>
    <Font Include="Assets\Fonts\vanfont.ttf">
      <Filter>Assets\Fonts</Filter>
    </Font>
  </ItemGroup>
  <ItemGroup>
    <CustomBuild Include="Protos\bilibili\community\service\dm\v1\dm.proto">
      <Filter>Protos</Filter>
    </CustomBuild>
  </ItemGroup>
</Project>